
Microsoft Visual Studio Solution File, Format Version 12.00
# Visual Studio Version 17
VisualStudioVersion = 17.4.33205.214
MinimumVisualStudioVersion = 10.0.40219.1
Project("{FAE04EC0-301F-11D3-BF4B-00C04F79EFBC}") = "Eolia-IHM", "Eolia-IHM.csproj", "{7485CF35-4CAD-4826-8306-7AC9750950DC}"
EndProject
Global
	GlobalSection(SolutionConfigurationPlatforms) = preSolution
		Debug|Any CPU = Debug|Any CPU
		Release|Any CPU = Release|Any CPU
	EndGlobalSection
	GlobalSection(ProjectConfigurationPlatforms) = postSolution
		{7485CF35-4CAD-4826-8306-7AC9750950DC}.Debug|Any CPU.ActiveCfg = Debug|Any CPU
		{7485CF35-4CAD-4826-8306-7AC9750950DC}.Debug|Any CPU.Build.0 = Debug|Any CPU
		{7485CF35-4CAD-4826-8306-7AC9750950DC}.Release|Any CPU.ActiveCfg = Release|Any CPU
		{7485CF35-4CAD-4826-8306-7AC9750950DC}.Release|Any CPU.Build.0 = Release|Any CPU
	EndGlobalSection
	GlobalSection(SolutionProperties) = preSolution
		HideSolutionNode = FALSE
	EndGlobalSection
	GlobalSection(ExtensibilityGlobals) = postSolution
		SolutionGuid = {EB2E9919-3AA3-4D7B-BBB1-B397FA821D16}
	EndGlobalSection
EndGlobal
